
Microsoft Visual Studio Solution File, Format Version 12.00
# Visual Studio Version 17
VisualStudioVersion = 17.5.002.0
MinimumVisualStudioVersion = 10.0.40219.1
Project("{9A19103F-16F7-4668-BE54-9A1E7A4F7556}") = "Unstop", "Unstop.csproj", "{1D8E7BAE-C1AA-4EF0-894E-C4478B5FF393}"
EndProject
Global
	GlobalSection(SolutionConfigurationPlatforms) = preSolution
		Debug|Any CPU = Debug|Any CPU
		Release|Any CPU = Release|Any CPU
	EndGlobalSection
	GlobalSection(ProjectConfigurationPlatforms) = postSolution
		{1D8E7BAE-C1AA-4EF0-894E-C4478B5FF393}.Debug|Any CPU.ActiveCfg = Debug|Any CPU
		{1D8E7BAE-C1AA-4EF0-894E-C4478B5FF393}.Debug|Any CPU.Build.0 = Debug|Any CPU
		{1D8E7BAE-C1AA-4EF0-894E-C4478B5FF393}.Release|Any CPU.ActiveCfg = Release|Any CPU
		{1D8E7BAE-C1AA-4EF0-894E-C4478B5FF393}.Release|Any CPU.Build.0 = Release|Any CPU
	EndGlobalSection
	GlobalSection(SolutionProperties) = preSolution
		HideSolutionNode = FALSE
	EndGlobalSection
	GlobalSection(ExtensibilityGlobals) = postSolution
		SolutionGuid = {23C4AD24-ED0C-4FBF-95E5-9B7AC14773B5}
	EndGlobalSection
EndGlobal
